
Microsoft Visual Studio Solution File, Format Version 12.00
# Visual Studio Version 16
VisualStudioVersion = 16.0.31112.23
MinimumVisualStudioVersion = 10.0.40219.1
Project("{9A19103F-16F7-4668-BE54-9A1E7A4F7556}") = "srcGather", "srcGather.csproj", "{0832C538-BBF1-4168-921A-DDF8C018A4F8}"
EndProject
Global
	GlobalSection(SolutionConfigurationPlatforms) = preSolution
		Debug|Any CPU = Debug|Any CPU
		Release|Any CPU = Release|Any CPU
	EndGlobalSection
	GlobalSection(ProjectConfigurationPlatforms) = postSolution
		{0832C538-BBF1-4168-921A-DDF8C018A4F8}.Debug|Any CPU.ActiveCfg = Debug|Any CPU
		{0832C538-BBF1-4168-921A-DDF8C018A4F8}.Debug|Any CPU.Build.0 = Debug|Any CPU
		{0832C538-BBF1-4168-921A-DDF8C018A4F8}.Release|Any CPU.ActiveCfg = Release|Any CPU
		{0832C538-BBF1-4168-921A-DDF8C018A4F8}.Release|Any CPU.Build.0 = Release|Any CPU
	EndGlobalSection
	GlobalSection(SolutionProperties) = preSolution
		HideSolutionNode = FALSE
	EndGlobalSection
	GlobalSection(ExtensibilityGlobals) = postSolution
		SolutionGuid = {2AF376CD-A810-4052-949D-D445FEE69CBA}
	EndGlobalSection
EndGlobal
