
Microsoft Visual Studio Solution File, Format Version 12.00
# Visual Studio Version 16
VisualStudioVersion = 16.0.31112.23
MinimumVisualStudioVersion = 10.0.40219.1
Project("{9A19103F-16F7-4668-BE54-9A1E7A4F7556}") = "race", "race.csproj", "{D7C70F00-5DEE-45B3-B566-ACFCD0CBF92B}"
EndProject
Global
	GlobalSection(SolutionConfigurationPlatforms) = preSolution
		Debug|Any CPU = Debug|Any CPU
		Release|Any CPU = Release|Any CPU
	EndGlobalSection
	GlobalSection(ProjectConfigurationPlatforms) = postSolution
		{D7C70F00-5DEE-45B3-B566-ACFCD0CBF92B}.Debug|Any CPU.ActiveCfg = Debug|Any CPU
		{D7C70F00-5DEE-45B3-B566-ACFCD0CBF92B}.Debug|Any CPU.Build.0 = Debug|Any CPU
		{D7C70F00-5DEE-45B3-B566-ACFCD0CBF92B}.Release|Any CPU.ActiveCfg = Release|Any CPU
		{D7C70F00-5DEE-45B3-B566-ACFCD0CBF92B}.Release|Any CPU.Build.0 = Release|Any CPU
	EndGlobalSection
	GlobalSection(SolutionProperties) = preSolution
		HideSolutionNode = FALSE
	EndGlobalSection
	GlobalSection(ExtensibilityGlobals) = postSolution
		SolutionGuid = {DB8AD3DD-8832-448D-BB55-23DCDB0C7B6E}
	EndGlobalSection
EndGlobal
