
Microsoft Visual Studio Solution File, Format Version 12.00
# Visual Studio Version 16
VisualStudioVersion = 16.0.31112.23
MinimumVisualStudioVersion = 10.0.40219.1
Project("{9A19103F-16F7-4668-BE54-9A1E7A4F7556}") = "xstrip", "xstrip.csproj", "{9AD48D45-C06E-4080-A14B-AB82D9F7E822}"
EndProject
Global
	GlobalSection(SolutionConfigurationPlatforms) = preSolution
		Debug|Any CPU = Debug|Any CPU
		Release|Any CPU = Release|Any CPU
	EndGlobalSection
	GlobalSection(ProjectConfigurationPlatforms) = postSolution
		{9AD48D45-C06E-4080-A14B-AB82D9F7E822}.Debug|Any CPU.ActiveCfg = Debug|Any CPU
		{9AD48D45-C06E-4080-A14B-AB82D9F7E822}.Debug|Any CPU.Build.0 = Debug|Any CPU
		{9AD48D45-C06E-4080-A14B-AB82D9F7E822}.Release|Any CPU.ActiveCfg = Release|Any CPU
		{9AD48D45-C06E-4080-A14B-AB82D9F7E822}.Release|Any CPU.Build.0 = Release|Any CPU
	EndGlobalSection
	GlobalSection(SolutionProperties) = preSolution
		HideSolutionNode = FALSE
	EndGlobalSection
	GlobalSection(ExtensibilityGlobals) = postSolution
		SolutionGuid = {6C18D2F6-538B-4C4B-A6ED-0FA66B907E49}
	EndGlobalSection
EndGlobal
